
Microsoft Visual Studio Solution File, Format Version 12.00
# Visual Studio Version 16
VisualStudioVersion = 16.0.29215.179
MinimumVisualStudioVersion = 10.0.40219.1
Project("{FAE04EC0-301F-11D3-BF4B-00C04F79EFBC}") = "apksamsat", "apksamsat.csproj", "{57E21CBE-2B09-4EA7-B1B3-A04BF63EDBB7}"
EndProject
Global
	GlobalSection(SolutionConfigurationPlatforms) = preSolution
		Debug|Any CPU = Debug|Any CPU
		Release|Any CPU = Release|Any CPU
	EndGlobalSection
	GlobalSection(ProjectConfigurationPlatforms) = postSolution
		{57E21CBE-2B09-4EA7-B1B3-A04BF63EDBB7}.Debug|Any CPU.ActiveCfg = Debug|Any CPU
		{57E21CBE-2B09-4EA7-B1B3-A04BF63EDBB7}.Debug|Any CPU.Build.0 = Debug|Any CPU
		{57E21CBE-2B09-4EA7-B1B3-A04BF63EDBB7}.Release|Any CPU.ActiveCfg = Release|Any CPU
		{57E21CBE-2B09-4EA7-B1B3-A04BF63EDBB7}.Release|Any CPU.Build.0 = Release|Any CPU
	EndGlobalSection
	GlobalSection(SolutionProperties) = preSolution
		HideSolutionNode = FALSE
	EndGlobalSection
	GlobalSection(ExtensibilityGlobals) = postSolution
		SolutionGuid = {681E3FD5-B42D-475A-A73D-C921E3BB49EF}
	EndGlobalSection
EndGlobal
